
Microsoft Visual Studio Solution File, Format Version 12.00
# Visual Studio 15
VisualStudioVersion = 15.0.26730.8
MinimumVisualStudioVersion = 10.0.40219.1
Project("{FAE04EC0-301F-11D3-BF4B-00C04F79EFBC}") = "ExcellMoodleAddin", "src\ExcellMoodleAddin.csproj", "{FDFDDDDA-8191-4B3D-A79D-7669312C7142}"
EndProject
Global
	GlobalSection(SolutionConfigurationPlatforms) = preSolution
		Debug|Any CPU = Debug|Any CPU
		Release|Any CPU = Release|Any CPU
	EndGlobalSection
	GlobalSection(ProjectConfigurationPlatforms) = postSolution
		{FDFDDDDA-8191-4B3D-A79D-7669312C7142}.Debug|Any CPU.ActiveCfg = Debug|Any CPU
		{FDFDDDDA-8191-4B3D-A79D-7669312C7142}.Debug|Any CPU.Build.0 = Debug|Any CPU
		{FDFDDDDA-8191-4B3D-A79D-7669312C7142}.Release|Any CPU.ActiveCfg = Release|Any CPU
		{FDFDDDDA-8191-4B3D-A79D-7669312C7142}.Release|Any CPU.Build.0 = Release|Any CPU
	EndGlobalSection
	GlobalSection(SolutionProperties) = preSolution
		HideSolutionNode = FALSE
	EndGlobalSection
	GlobalSection(ExtensibilityGlobals) = postSolution
		SolutionGuid = {F47CB10E-ED9B-4758-83E2-4B00E0EC3E63}
	EndGlobalSection
EndGlobal
